
Microsoft Visual Studio Solution File, Format Version 12.00
# Visual Studio Version 17
VisualStudioVersion = 17.0.32014.148
MinimumVisualStudioVersion = 10.0.40219.1
Project("{FAE04EC0-301F-11D3-BF4B-00C04F79EFBC}") = "ConsoleApp1.Task1-1", "ConsoleApp1.Task1\ConsoleApp1.Task1-1.csproj", "{E1E47412-4B5B-47C0-969E-00A169DDDCFB}"
EndProject
Project("{FAE04EC0-301F-11D3-BF4B-00C04F79EFBC}") = "ConsoleApp1.Task1-2", "ConsoleApp1.Task1-1\ConsoleApp1.Task1-2.csproj", "{5A16B761-F614-45BA-856D-B21D7E29D3F3}"
EndProject
Project("{FAE04EC0-301F-11D3-BF4B-00C04F79EFBC}") = "ConsoleApp1.Task1-3", "ConsoleApp1.Task1-3\ConsoleApp1.Task1-3.csproj", "{E68C8913-BAD7-407E-9A2D-134BAF7BA6F7}"
EndProject
Project("{FAE04EC0-301F-11D3-BF4B-00C04F79EFBC}") = "ConsoleApp1.Task1-4", "ConsoleApp1.Task1-4\ConsoleApp1.Task1-4.csproj", "{C33363BE-0164-4350-BBA9-35D572007F7B}"
EndProject
Project("{FAE04EC0-301F-11D3-BF4B-00C04F79EFBC}") = "ConsoleApp1.Task1-5", "ConsoleApp1.Task1-5\ConsoleApp1.Task1-5.csproj", "{E3C130B4-8313-43E6-BD4F-D79FD1B85F08}"
EndProject
Global
	GlobalSection(SolutionConfigurationPlatforms) = preSolution
		Debug|Any CPU = Debug|Any CPU
		Release|Any CPU = Release|Any CPU
	EndGlobalSection
	GlobalSection(ProjectConfigurationPlatforms) = postSolution
		{E1E47412-4B5B-47C0-969E-00A169DDDCFB}.Debug|Any CPU.ActiveCfg = Debug|Any CPU
		{E1E47412-4B5B-47C0-969E-00A169DDDCFB}.Debug|Any CPU.Build.0 = Debug|Any CPU
		{E1E47412-4B5B-47C0-969E-00A169DDDCFB}.Release|Any CPU.ActiveCfg = Release|Any CPU
		{E1E47412-4B5B-47C0-969E-00A169DDDCFB}.Release|Any CPU.Build.0 = Release|Any CPU
		{5A16B761-F614-45BA-856D-B21D7E29D3F3}.Debug|Any CPU.ActiveCfg = Debug|Any CPU
		{5A16B761-F614-45BA-856D-B21D7E29D3F3}.Debug|Any CPU.Build.0 = Debug|Any CPU
		{5A16B761-F614-45BA-856D-B21D7E29D3F3}.Release|Any CPU.ActiveCfg = Release|Any CPU
		{5A16B761-F614-45BA-856D-B21D7E29D3F3}.Release|Any CPU.Build.0 = Release|Any CPU
		{E68C8913-BAD7-407E-9A2D-134BAF7BA6F7}.Debug|Any CPU.ActiveCfg = Debug|Any CPU
		{E68C8913-BAD7-407E-9A2D-134BAF7BA6F7}.Debug|Any CPU.Build.0 = Debug|Any CPU
		{E68C8913-BAD7-407E-9A2D-134BAF7BA6F7}.Release|Any CPU.ActiveCfg = Release|Any CPU
		{E68C8913-BAD7-407E-9A2D-134BAF7BA6F7}.Release|Any CPU.Build.0 = Release|Any CPU
		{C33363BE-0164-4350-BBA9-35D572007F7B}.Debug|Any CPU.ActiveCfg = Debug|Any CPU
		{C33363BE-0164-4350-BBA9-35D572007F7B}.Debug|Any CPU.Build.0 = Debug|Any CPU
		{C33363BE-0164-4350-BBA9-35D572007F7B}.Release|Any CPU.ActiveCfg = Release|Any CPU
		{C33363BE-0164-4350-BBA9-35D572007F7B}.Release|Any CPU.Build.0 = Release|Any CPU
		{E3C130B4-8313-43E6-BD4F-D79FD1B85F08}.Debug|Any CPU.ActiveCfg = Debug|Any CPU
		{E3C130B4-8313-43E6-BD4F-D79FD1B85F08}.Debug|Any CPU.Build.0 = Debug|Any CPU
		{E3C130B4-8313-43E6-BD4F-D79FD1B85F08}.Release|Any CPU.ActiveCfg = Release|Any CPU
		{E3C130B4-8313-43E6-BD4F-D79FD1B85F08}.Release|Any CPU.Build.0 = Release|Any CPU
	EndGlobalSection
	GlobalSection(SolutionProperties) = preSolution
		HideSolutionNode = FALSE
	EndGlobalSection
	GlobalSection(ExtensibilityGlobals) = postSolution
		SolutionGuid = {EB3961CC-064D-4980-A4C5-AC647C8DBBFA}
	EndGlobalSection
EndGlobal
